
Microsoft Visual Studio Solution File, Format Version 12.00
# Visual Studio Version 16
VisualStudioVersion = 16.0.30804.86
MinimumVisualStudioVersion = 10.0.40219.1
Project("{FAE04EC0-301F-11D3-BF4B-00C04F79EFBC}") = "ShopBridge", "ShopBridge.csproj", "{64EB24D6-EE9C-4528-B9AF-FBCCBA2B136D}"
EndProject
Global
	GlobalSection(SolutionConfigurationPlatforms) = preSolution
		Debug|Any CPU = Debug|Any CPU
		Release|Any CPU = Release|Any CPU
	EndGlobalSection
	GlobalSection(ProjectConfigurationPlatforms) = postSolution
		{64EB24D6-EE9C-4528-B9AF-FBCCBA2B136D}.Debug|Any CPU.ActiveCfg = Debug|Any CPU
		{64EB24D6-EE9C-4528-B9AF-FBCCBA2B136D}.Debug|Any CPU.Build.0 = Debug|Any CPU
		{64EB24D6-EE9C-4528-B9AF-FBCCBA2B136D}.Release|Any CPU.ActiveCfg = Release|Any CPU
		{64EB24D6-EE9C-4528-B9AF-FBCCBA2B136D}.Release|Any CPU.Build.0 = Release|Any CPU
	EndGlobalSection
	GlobalSection(SolutionProperties) = preSolution
		HideSolutionNode = FALSE
	EndGlobalSection
	GlobalSection(ExtensibilityGlobals) = postSolution
		SolutionGuid = {06B41821-3D60-417A-992D-C34C952DD8F3}
	EndGlobalSection
EndGlobal
